// !$*UTF8*$!
{
	archiveVersion = 1;
	classes = {
	};
	objectVersion = 55;
	objects = {

/* Begin PBXBuildFile section */
		2A51AC5728AB43DD00830889 /* AppDelegate.swift in Sources */ = {isa = PBXBuildFile; fileRef = 2A51AC5628AB43DD00830889 /* AppDelegate.swift */; };
		2A51AC5928AB43DD00830889 /* SceneDelegate.swift in Sources */ = {isa = PBXBuildFile; fileRef = 2A51AC5828AB43DD00830889 /* SceneDelegate.swift */; };
		2A51AC5B28AB43DD00830889 /* ViewController.swift in Sources */ = {isa = PBXBuildFile; fileRef = 2A51AC5A28AB43DD00830889 /* ViewController.swift */; };
		2A51AC5E28AB43DD00830889 /* Main.storyboard in Resources */ = {isa = PBXBuildFile; fileRef = 2A51AC5C28AB43DD00830889 /* Main.storyboard */; };
		2A51AC6028AB43DF00830889 /* Assets.xcassets in Resources */ = {isa = PBXBuildFile; fileRef = 2A51AC5F28AB43DF00830889 /* Assets.xcassets */; };
		2A51AC6328AB43DF00830889 /* LaunchScreen.storyboard in Resources */ = {isa = PBXBuildFile; fileRef = 2A51AC6128AB43DF00830889 /* LaunchScreen.storyboard */; };
		2A51AC6E28AB445500830889 /* DiffableList in Frameworks */ = {isa = PBXBuildFile; productRef = 2A51AC6D28AB445500830889 /* DiffableList */; };
		2A51AC7128AB73B400830889 /* StoreUtils in Frameworks */ = {isa = PBXBuildFile; productRef = 2A51AC7028AB73B400830889 /* StoreUtils */; };
		2A51AC7328AB73B600830889 /* StoreUtilsUI in Frameworks */ = {isa = PBXBuildFile; productRef = 2A51AC7228AB73B600830889 /* StoreUtilsUI */; };
/* End PBXBuildFile section */

/* Begin PBXFileReference section */
		2A51AC5328AB43DD00830889 /* StoreUtilsExample.app */ = {isa = PBXFileReference; explicitFileType = wrapper.application; includeInIndex = 0; path = StoreUtilsExample.app; sourceTree = BUILT_PRODUCTS_DIR; };
		2A51AC5628AB43DD00830889 /* AppDelegate.swift */ = {isa = PBXFileReference; lastKnownFileType = sourcecode.swift; path = AppDelegate.swift; sourceTree = "<group>"; };
		2A51AC5828AB43DD00830889 /* SceneDelegate.swift */ = {isa = PBXFileReference; lastKnownFileType = sourcecode.swift; path = SceneDelegate.swift; sourceTree = "<group>"; };
		2A51AC5A28AB43DD00830889 /* ViewController.swift */ = {isa = PBXFileReference; lastKnownFileType = sourcecode.swift; path = ViewController.swift; sourceTree = "<group>"; };
		2A51AC5D28AB43DD00830889 /* Base */ = {isa = PBXFileReference; lastKnownFileType = file.storyboard; name = Base; path = Base.lproj/Main.storyboard; sourceTree = "<group>"; };
		2A51AC5F28AB43DF00830889 /* Assets.xcassets */ = {isa = PBXFileReference; lastKnownFileType = folder.assetcatalog; path = Assets.xcassets; sourceTree = "<group>"; };
		2A51AC6228AB43DF00830889 /* Base */ = {isa = PBXFileReference; lastKnownFileType = file.storyboard; name = Base; path = Base.lproj/LaunchScreen.storyboard; sourceTree = "<group>"; };
		2A51AC6428AB43DF00830889 /* Info.plist */ = {isa = PBXFileReference; lastKnownFileType = text.plist.xml; path = Info.plist; sourceTree = "<group>"; };
		2A51AC6B28AB43F800830889 /* StoreUtils */ = {isa = PBXFileReference; lastKnownFileType = wrapper; name = StoreUtils; path = ..; sourceTree = "<group>"; };
/* End PBXFileReference section */

/* Begin PBXFrameworksBuildPhase section */
		2A51AC5028AB43DD00830889 /* Frameworks */ = {
			isa = PBXFrameworksBuildPhase;
			buildActionMask = 2147483647;
			files = (
				2A51AC7128AB73B400830889 /* StoreUtils in Frameworks */,
				2A51AC7328AB73B600830889 /* StoreUtilsUI in Frameworks */,
				2A51AC6E28AB445500830889 /* DiffableList in Frameworks */,
			);
			runOnlyForDeploymentPostprocessing = 0;
		};
/* End PBXFrameworksBuildPhase section */

/* Begin PBXGroup section */
		2A51AC4A28AB43DD00830889 = {
			isa = PBXGroup;
			children = (
				2A51AC6A28AB43F800830889 /* Packages */,
				2A51AC5528AB43DD00830889 /* StoreUtilsExample */,
				2A51AC5428AB43DD00830889 /* Products */,
				2A51AC6F28AB73B400830889 /* Frameworks */,
			);
			sourceTree = "<group>";
		};
		2A51AC5428AB43DD00830889 /* Products */ = {
			isa = PBXGroup;
			children = (
				2A51AC5328AB43DD00830889 /* StoreUtilsExample.app */,
			);
			name = Products;
			sourceTree = "<group>";
		};
		2A51AC5528AB43DD00830889 /* StoreUtilsExample */ = {
			isa = PBXGroup;
			children = (
				2A51AC5628AB43DD00830889 /* AppDelegate.swift */,
				2A51AC5828AB43DD00830889 /* SceneDelegate.swift */,
				2A51AC5A28AB43DD00830889 /* ViewController.swift */,
				2A51AC5C28AB43DD00830889 /* Main.storyboard */,
				2A51AC5F28AB43DF00830889 /* Assets.xcassets */,
				2A51AC6128AB43DF00830889 /* LaunchScreen.storyboard */,
				2A51AC6428AB43DF00830889 /* Info.plist */,
			);
			path = StoreUtilsExample;
			sourceTree = "<group>";
		};
		2A51AC6A28AB43F800830889 /* Packages */ = {
			isa = PBXGroup;
			children = (
				2A51AC6B28AB43F800830889 /* StoreUtils */,
			);
			name = Packages;
			sourceTree = "<group>";
		};
		2A51AC6F28AB73B400830889 /* Frameworks */ = {
			isa = PBXGroup;
			children = (
			);
			name = Frameworks;
			sourceTree = "<group>";
		};
/* End PBXGroup section */

/* Begin PBXNativeTarget section */
		2A51AC5228AB43DD00830889 /* StoreUtilsExample */ = {
			isa = PBXNativeTarget;
			buildConfigurationList = 2A51AC6728AB43DF00830889 /* Build configuration list for PBXNativeTarget "StoreUtilsExample" */;
			buildPhases = (
				2A51AC4F28AB43DD00830889 /* Sources */,
				2A51AC5028AB43DD00830889 /* Frameworks */,
				2A51AC5128AB43DD00830889 /* Resources */,
			);
			buildRules = (
			);
			dependencies = (
			);
			name = StoreUtilsExample;
			packageProductDependencies = (
				2A51AC6D28AB445500830889 /* DiffableList */,
				2A51AC7028AB73B400830889 /* StoreUtils */,
				2A51AC7228AB73B600830889 /* StoreUtilsUI */,
			);
			productName = StoreUtilsExample;
			productReference = 2A51AC5328AB43DD00830889 /* StoreUtilsExample.app */;
			productType = "com.apple.product-type.application";
		};
/* End PBXNativeTarget section */

/* Begin PBXProject section */
		2A51AC4B28AB43DD00830889 /* Project object */ = {
			isa = PBXProject;
			attributes = {
				BuildIndependentTargetsInParallel = 1;
				LastSwiftUpdateCheck = 1340;
				LastUpgradeCheck = 1340;
				TargetAttributes = {
					2A51AC5228AB43DD00830889 = {
						CreatedOnToolsVersion = 13.4.1;
					};
				};
			};
			buildConfigurationList = 2A51AC4E28AB43DD00830889 /* Build configuration list for PBXProject "StoreUtilsExample" */;
			compatibilityVersion = "Xcode 13.0";
			developmentRegion = en;
			hasScannedForEncodings = 0;
			knownRegions = (
				en,
				Base,
			);
			mainGroup = 2A51AC4A28AB43DD00830889;
			packageReferences = (
				2A51AC6C28AB445500830889 /* XCRemoteSwiftPackageReference "DiffableList" */,
			);
			productRefGroup = 2A51AC5428AB43DD00830889 /* Products */;
			projectDirPath = "";
			projectRoot = "";
			targets = (
				2A51AC5228AB43DD00830889 /* StoreUtilsExample */,
			);
		};
/* End PBXProject section */

/* Begin PBXResourcesBuildPhase section */
		2A51AC5128AB43DD00830889 /* Resources */ = {
			isa = PBXResourcesBuildPhase;
			buildActionMask = 2147483647;
			files = (
				2A51AC6328AB43DF00830889 /* LaunchScreen.storyboard in Resources */,
				2A51AC6028AB43DF00830889 /* Assets.xcassets in Resources */,
				2A51AC5E28AB43DD00830889 /* Main.storyboard in Resources */,
			);
			runOnlyForDeploymentPostprocessing = 0;
		};
/* End PBXResourcesBuildPhase section */

/* Begin PBXSourcesBuildPhase section */
		2A51AC4F28AB43DD00830889 /* Sources */ = {
			isa = PBXSourcesBuildPhase;
			buildActionMask = 2147483647;
			files = (
				2A51AC5B28AB43DD00830889 /* ViewController.swift in Sources */,
				2A51AC5728AB43DD00830889 /* AppDelegate.swift in Sources */,
				2A51AC5928AB43DD00830889 /* SceneDelegate.swift in Sources */,
			);
			runOnlyForDeploymentPostprocessing = 0;
		};
/* End PBXSourcesBuildPhase section */

/* Begin PBXVariantGroup section */
		2A51AC5C28AB43DD00830889 /* Main.storyboard */ = {
			isa = PBXVariantGroup;
			children = (
				2A51AC5D28AB43DD00830889 /* Base */,
			);
			name = Main.storyboard;
			sourceTree = "<group>";
		};
		2A51AC6128AB43DF00830889 /* LaunchScreen.storyboard */ = {
			isa = PBXVariantGroup;
			children = (
				2A51AC6228AB43DF00830889 /* Base */,
			);
			name = LaunchScreen.storyboard;
			sourceTree = "<group>";
		};
/* End PBXVariantGroup section */

/* Begin XCBuildConfiguration section */
		2A51AC6528AB43DF00830889 /* Debug */ = {
			isa = XCBuildConfiguration;
			buildSettings = {
				ALWAYS_SEARCH_USER_PATHS = NO;
				CLANG_ANALYZER_NONNULL = YES;
				CLANG_ANALYZER_NUMBER_OBJECT_CONVERSION = YES_AGGRESSIVE;
				CLANG_CXX_LANGUAGE_STANDARD = "gnu++17";
				CLANG_ENABLE_MODULES = YES;
				CLANG_ENABLE_OBJC_ARC = YES;
				CLANG_ENABLE_OBJC_WEAK = YES;
				CLANG_WARN_BLOCK_CAPTURE_AUTORELEASING = YES;
				CLANG_WARN_BOOL_CONVERSION = YES;
				CLANG_WARN_COMMA = YES;
				CLANG_WARN_CONSTANT_CONVERSION = YES;
				CLANG_WARN_DEPRECATED_OBJC_IMPLEMENTATIONS = YES;
				CLANG_WARN_DIRECT_OBJC_ISA_USAGE = YES_ERROR;
				CLANG_WARN_DOCUMENTATION_COMMENTS = YES;
				CLANG_WARN_EMPTY_BODY = YES;
				CLANG_WARN_ENUM_CONVERSION = YES;
				CLANG_WARN_INFINITE_RECURSION = YES;
				CLANG_WARN_INT_CONVERSION = YES;
				CLANG_WARN_NON_LITERAL_NULL_CONVERSION = YES;
				CLANG_WARN_OBJC_IMPLICIT_RETAIN_SELF = YES;
				CLANG_WARN_OBJC_LITERAL_CONVERSION = YES;
				CLANG_WARN_OBJC_ROOT_CLASS = YES_ERROR;
				CLANG_WARN_QUOTED_INCLUDE_IN_FRAMEWORK_HEADER = YES;
				CLANG_WARN_RANGE_LOOP_ANALYSIS = YES;
				CLANG_WARN_STRICT_PROTOTYPES = YES;
				CLANG_WARN_SUSPICIOUS_MOVE = YES;
				CLANG_WARN_UNGUARDED_AVAILABILITY = YES_AGGRESSIVE;
				CLANG_WARN_UNREACHABLE_CODE = YES;
				CLANG_WARN__DUPLICATE_METHOD_MATCH = YES;
				COPY_PHASE_STRIP = NO;
				DEBUG_INFORMATION_FORMAT = dwarf;
				ENABLE_STRICT_OBJC_MSGSEND = YES;
				ENABLE_TESTABILITY = YES;
				GCC_C_LANGUAGE_STANDARD = gnu11;
				GCC_DYNAMIC_NO_PIC = NO;
				GCC_NO_COMMON_BLOCKS = YES;
				GCC_OPTIMIZATION_LEVEL = 0;
				GCC_PREPROCESSOR_DEFINITIONS = (
					"DEBUG=1",
					"$(inherited)",
				);
				GCC_WARN_64_TO_32_BIT_CONVERSION = YES;
				GCC_WARN_ABOUT_RETURN_TYPE = YES_ERROR;
				GCC_WARN_UNDECLARED_SELECTOR = YES;
				GCC_WARN_UNINITIALIZED_AUTOS = YES_AGGRESSIVE;
				GCC_WARN_UNUSED_FUNCTION = YES;
				GCC_WARN_UNUSED_VARIABLE = YES;
				IPHONEOS_DEPLOYMENT_TARGET = 15.5;
				MTL_ENABLE_DEBUG_INFO = INCLUDE_SOURCE;
				MTL_FAST_MATH = YES;
				ONLY_ACTIVE_ARCH = YES;
				SDKROOT = iphoneos;
				SWIFT_ACTIVE_COMPILATION_CONDITIONS = DEBUG;
				SWIFT_OPTIMIZATION_LEVEL = "-Onone";
			};
			name = Debug;
		};
		2A51AC6628AB43DF00830889 /* Release */ = {
			isa = XCBuildConfiguration;
			buildSettings = {
				ALWAYS_SEARCH_USER_PATHS = NO;
				CLANG_ANALYZER_NONNULL = YES;
				CLANG_ANALYZER_NUMBER_OBJECT_CONVERSION = YES_AGGRESSIVE;
				CLANG_CXX_LANGUAGE_STANDARD = "gnu++17";
				CLANG_ENABLE_MODULES = YES;
				CLANG_ENABLE_OBJC_ARC = YES;
				CLANG_ENABLE_OBJC_WEAK = YES;
				CLANG_WARN_BLOCK_CAPTURE_AUTORELEASING = YES;
				CLANG_WARN_BOOL_CONVERSION = YES;
				CLANG_WARN_COMMA = YES;
				CLANG_WARN_CONSTANT_CONVERSION = YES;
				CLANG_WARN_DEPRECATED_OBJC_IMPLEMENTATIONS = YES;
				CLANG_WARN_DIRECT_OBJC_ISA_USAGE = YES_ERROR;
				CLANG_WARN_DOCUMENTATION_COMMENTS = YES;
				CLANG_WARN_EMPTY_BODY = YES;
				CLANG_WARN_ENUM_CONVERSION = YES;
				CLANG_WARN_INFINITE_RECURSION = YES;
				CLANG_WARN_INT_CONVERSION = YES;
				CLANG_WARN_NON_LITERAL_NULL_CONVERSION = YES;
				CLANG_WARN_OBJC_IMPLICIT_RETAIN_SELF = YES;
				CLANG_WARN_OBJC_LITERAL_CONVERSION = YES;
				CLANG_WARN_OBJC_ROOT_CLASS = YES_ERROR;
				CLANG_WARN_QUOTED_INCLUDE_IN_FRAMEWORK_HEADER = YES;
				CLANG_WARN_RANGE_LOOP_ANALYSIS = YES;
				CLANG_WARN_STRICT_PROTOTYPES = YES;
				CLANG_WARN_SUSPICIOUS_MOVE = YES;
				CLANG_WARN_UNGUARDED_AVAILABILITY = YES_AGGRESSIVE;
				CLANG_WARN_UNREACHABLE_CODE = YES;
				CLANG_WARN__DUPLICATE_METHOD_MATCH = YES;
				COPY_PHASE_STRIP = NO;
				DEBUG_INFORMATION_FORMAT = "dwarf-with-dsym";
				ENABLE_NS_ASSERTIONS = NO;
				ENABLE_STRICT_OBJC_MSGSEND = YES;
				GCC_C_LANGUAGE_STANDARD = gnu11;
				GCC_NO_COMMON_BLOCKS = YES;
				GCC_WARN_64_TO_32_BIT_CONVERSION = YES;
				GCC_WARN_ABOUT_RETURN_TYPE = YES_ERROR;
				GCC_WARN_UNDECLARED_SELECTOR = YES;
				GCC_WARN_UNINITIALIZED_AUTOS = YES_AGGRESSIVE;
				GCC_WARN_UNUSED_FUNCTION = YES;
				GCC_WARN_UNUSED_VARIABLE = YES;
				IPHONEOS_DEPLOYMENT_TARGET = 15.5;
				MTL_ENABLE_DEBUG_INFO = NO;
				MTL_FAST_MATH = YES;
				SDKROOT = iphoneos;
				SWIFT_COMPILATION_MODE = wholemodule;
				SWIFT_OPTIMIZATION_LEVEL = "-O";
				VALIDATE_PRODUCT = YES;
			};
			name = Release;
		};
		2A51AC6828AB43DF00830889 /* Debug */ = {
			isa = XCBuildConfiguration;
			buildSettings = {
				ASSETCATALOG_COMPILER_APPICON_NAME = AppIcon;
				ASSETCATALOG_COMPILER_GLOBAL_ACCENT_COLOR_NAME = AccentColor;
				CODE_SIGN_STYLE = Automatic;
				CURRENT_PROJECT_VERSION = 1;
				DEVELOPMENT_TEAM = NND5T8LZPS;
				GENERATE_INFOPLIST_FILE = YES;
				INFOPLIST_FILE = StoreUtilsExample/Info.plist;
				INFOPLIST_KEY_UIApplicationSupportsIndirectInputEvents = YES;
				INFOPLIST_KEY_UILaunchStoryboardName = LaunchScreen;
				INFOPLIST_KEY_UIMainStoryboardFile = Main;
				INFOPLIST_KEY_UISupportedInterfaceOrientations_iPad = "UIInterfaceOrientationPortrait UIInterfaceOrientationPortraitUpsideDown UIInterfaceOrientationLandscapeLeft UIInterfaceOrientationLandscapeRight";
				INFOPLIST_KEY_UISupportedInterfaceOrientations_iPhone = "UIInterfaceOrientationPortrait UIInterfaceOrientationLandscapeLeft UIInterfaceOrientationLandscapeRight";
				LD_RUNPATH_SEARCH_PATHS = (
					"$(inherited)",
					"@executable_path/Frameworks",
				);
				MARKETING_VERSION = 1.0;
				PRODUCT_BUNDLE_IDENTIFIER = com.vision.storeutils.example.StoreUtilsExample;
				PRODUCT_NAME = "$(TARGET_NAME)";
				SWIFT_EMIT_LOC_STRINGS = YES;
				SWIFT_VERSION = 5.0;
				TARGETED_DEVICE_FAMILY = "1,2";
			};
			name = Debug;
		};
		2A51AC6928AB43DF00830889 /* Release */ = {
			isa = XCBuildConfiguration;
			buildSettings = {
				ASSETCATALOG_COMPILER_APPICON_NAME = AppIcon;
				ASSETCATALOG_COMPILER_GLOBAL_ACCENT_COLOR_NAME = AccentColor;
				CODE_SIGN_STYLE = Automatic;
				CURRENT_PROJECT_VERSION = 1;
				DEVELOPMENT_TEAM = NND5T8LZPS;
				GENERATE_INFOPLIST_FILE = YES;
				INFOPLIST_FILE = StoreUtilsExample/Info.plist;
				INFOPLIST_KEY_UIApplicationSupportsIndirectInputEvents = YES;
				INFOPLIST_KEY_UILaunchStoryboardName = LaunchScreen;
				INFOPLIST_KEY_UIMainStoryboardFile = Main;
				INFOPLIST_KEY_UISupportedInterfaceOrientations_iPad = "UIInterfaceOrientationPortrait UIInterfaceOrientationPortraitUpsideDown UIInterfaceOrientationLandscapeLeft UIInterfaceOrientationLandscapeRight";
				INFOPLIST_KEY_UISupportedInterfaceOrientations_iPhone = "UIInterfaceOrientationPortrait UIInterfaceOrientationLandscapeLeft UIInterfaceOrientationLandscapeRight";
				LD_RUNPATH_SEARCH_PATHS = (
					"$(inherited)",
					"@executable_path/Frameworks",
				);
				MARKETING_VERSION = 1.0;
				PRODUCT_BUNDLE_IDENTIFIER = com.vision.storeutils.example.StoreUtilsExample;
				PRODUCT_NAME = "$(TARGET_NAME)";
				SWIFT_EMIT_LOC_STRINGS = YES;
				SWIFT_VERSION = 5.0;
				TARGETED_DEVICE_FAMILY = "1,2";
			};
			name = Release;
		};
/* End XCBuildConfiguration section */

/* Begin XCConfigurationList section */
		2A51AC4E28AB43DD00830889 /* Build configuration list for PBXProject "StoreUtilsExample" */ = {
			isa = XCConfigurationList;
			buildConfigurations = (
				2A51AC6528AB43DF00830889 /* Debug */,
				2A51AC6628AB43DF00830889 /* Release */,
			);
			defaultConfigurationIsVisible = 0;
			defaultConfigurationName = Release;
		};
		2A51AC6728AB43DF00830889 /* Build configuration list for PBXNativeTarget "StoreUtilsExample" */ = {
			isa = XCConfigurationList;
			buildConfigurations = (
				2A51AC6828AB43DF00830889 /* Debug */,
				2A51AC6928AB43DF00830889 /* Release */,
			);
			defaultConfigurationIsVisible = 0;
			defaultConfigurationName = Release;
		};
/* End XCConfigurationList section */

/* Begin XCRemoteSwiftPackageReference section */
		2A51AC6C28AB445500830889 /* XCRemoteSwiftPackageReference "DiffableList" */ = {
			isa = XCRemoteSwiftPackageReference;
			repositoryURL = "https://github.com/grepug/DiffableList.git";
			requirement = {
				branch = dev_3.1.0;
				kind = branch;
			};
		};
/* End XCRemoteSwiftPackageReference section */

/* Begin XCSwiftPackageProductDependency section */
		2A51AC6D28AB445500830889 /* DiffableList */ = {
			isa = XCSwiftPackageProductDependency;
			package = 2A51AC6C28AB445500830889 /* XCRemoteSwiftPackageReference "DiffableList" */;
			productName = DiffableList;
		};
		2A51AC7028AB73B400830889 /* StoreUtils */ = {
			isa = XCSwiftPackageProductDependency;
			productName = StoreUtils;
		};
		2A51AC7228AB73B600830889 /* StoreUtilsUI */ = {
			isa = XCSwiftPackageProductDependency;
			productName = StoreUtilsUI;
		};
/* End XCSwiftPackageProductDependency section */
	};
	rootObject = 2A51AC4B28AB43DD00830889 /* Project object */;
}
