{
  "pins" : [
    {
      "identity" : "diffablelist",
      "kind" : "remoteSourceControl",
      "location" : "https://github.com/grepug/DiffableList.git",
      "state" : {
        "branch" : "dev_3.1.0",
        "revision" : "24954a880a7700e1fdcf1acf7ab4e1074db9934f"
      }
    },
    {
      "identity" : "menubuilder",
      "kind" : "remoteSourceControl",
      "location" : "https://github.com/grepug/MenuBuilder",
      "state" : {
        "branch" : "master",
        "revision" : "0151400d869dd634ab235acf73f7226b7976ebd1"
      }
    },
    {
      "identity" : "purchases-ios",
      "kind" : "remoteSourceControl",
      "location" : "https://github.com/RevenueCat/purchases-ios.git",
      "state" : {
        "revision" : "010cf1d4975eceb2f18ca603d1d3413e8f88e841",
        "version" : "4.10.1"
      }
    },
    {
      "identity" : "snapkit",
      "kind" : "remoteSourceControl",
      "location" : "https://github.com/SnapKit/SnapKit.git",
      "state" : {
        "revision" : "f222cbdf325885926566172f6f5f06af95473158",
        "version" : "5.6.0"
      }
    },
    {
      "identity" : "twittertexteditor",
      "kind" : "remoteSourceControl",
      "location" : "https://github.com/twitter/TwitterTextEditor",
      "state" : {
        "branch" : "master",
        "revision" : "940dc091fbe51ef6cb267b9bff80d4148cdf345a"
      }
    },
    {
      "identity" : "uikitutils",
      "kind" : "remoteSourceControl",
      "location" : "https://github.com/grepug/UIKitUtils",
      "state" : {
        "branch" : "dev_3.1.0",
        "revision" : "90ffac27aca8dd709d93917514de6d85ea85e018"
      }
    }
  ],
  "version" : 2
}
